// !$*UTF8*$!
{
	archiveVersion = 1;
	classes = {
	};
	objectVersion = 56;
	objects = {

/* Begin PBXBuildFile section */
		85C60D122A51607D00B48243 /* praApp.swift in Sources */ = {isa = PBXBuildFile; fileRef = 85C60D112A51607D00B48243 /* praApp.swift */; };
		85C60D142A51607E00B48243 /* ContentView.swift in Sources */ = {isa = PBXBuildFile; fileRef = 85C60D132A51607E00B48243 /* ContentView.swift */; };
		85C60D162A51607F00B48243 /* Assets.xcassets in Resources */ = {isa = PBXBuildFile; fileRef = 85C60D152A51607F00B48243 /* Assets.xcassets */; };
		85C60D1A2A51607F00B48243 /* Preview Assets.xcassets in Resources */ = {isa = PBXBuildFile; fileRef = 85C60D192A51607F00B48243 /* Preview Assets.xcassets */; };
		85C60D242A51608000B48243 /* praTests.swift in Sources */ = {isa = PBXBuildFile; fileRef = 85C60D232A51608000B48243 /* praTests.swift */; };
		85C60D2E2A51608000B48243 /* praUITests.swift in Sources */ = {isa = PBXBuildFile; fileRef = 85C60D2D2A51608000B48243 /* praUITests.swift */; };
		85C60D302A51608000B48243 /* praUITestsLaunchTests.swift in Sources */ = {isa = PBXBuildFile; fileRef = 85C60D2F2A51608000B48243 /* praUITestsLaunchTests.swift */; };
/* End PBXBuildFile section */

/* Begin PBXContainerItemProxy section */
		85C60D202A51608000B48243 /* PBXContainerItemProxy */ = {
			isa = PBXContainerItemProxy;
			containerPortal = 85C60D062A51607D00B48243 /* Project object */;
			proxyType = 1;
			remoteGlobalIDString = 85C60D0D2A51607D00B48243;
			remoteInfo = pra;
		};
		85C60D2A2A51608000B48243 /* PBXContainerItemProxy */ = {
			isa = PBXContainerItemProxy;
			containerPortal = 85C60D062A51607D00B48243 /* Project object */;
			proxyType = 1;
			remoteGlobalIDString = 85C60D0D2A51607D00B48243;
			remoteInfo = pra;
		};
/* End PBXContainerItemProxy section */

/* Begin PBXFileReference section */
		85C60D0E2A51607D00B48243 /* pra.app */ = {isa = PBXFileReference; explicitFileType = wrapper.application; includeInIndex = 0; path = pra.app; sourceTree = BUILT_PRODUCTS_DIR; };
		85C60D112A51607D00B48243 /* praApp.swift */ = {isa = PBXFileReference; lastKnownFileType = sourcecode.swift; path = praApp.swift; sourceTree = "<group>"; };
		85C60D132A51607E00B48243 /* ContentView.swift */ = {isa = PBXFileReference; lastKnownFileType = sourcecode.swift; path = ContentView.swift; sourceTree = "<group>"; };
		85C60D152A51607F00B48243 /* Assets.xcassets */ = {isa = PBXFileReference; lastKnownFileType = folder.assetcatalog; path = Assets.xcassets; sourceTree = "<group>"; };
		85C60D172A51607F00B48243 /* pra.entitlements */ = {isa = PBXFileReference; lastKnownFileType = text.plist.entitlements; path = pra.entitlements; sourceTree = "<group>"; };
		85C60D192A51607F00B48243 /* Preview Assets.xcassets */ = {isa = PBXFileReference; lastKnownFileType = folder.assetcatalog; path = "Preview Assets.xcassets"; sourceTree = "<group>"; };
		85C60D1F2A51608000B48243 /* praTests.xctest */ = {isa = PBXFileReference; explicitFileType = wrapper.cfbundle; includeInIndex = 0; path = praTests.xctest; sourceTree = BUILT_PRODUCTS_DIR; };
		85C60D232A51608000B48243 /* praTests.swift */ = {isa = PBXFileReference; lastKnownFileType = sourcecode.swift; path = praTests.swift; sourceTree = "<group>"; };
		85C60D292A51608000B48243 /* praUITests.xctest */ = {isa = PBXFileReference; explicitFileType = wrapper.cfbundle; includeInIndex = 0; path = praUITests.xctest; sourceTree = BUILT_PRODUCTS_DIR; };
		85C60D2D2A51608000B48243 /* praUITests.swift */ = {isa = PBXFileReference; lastKnownFileType = sourcecode.swift; path = praUITests.swift; sourceTree = "<group>"; };
		85C60D2F2A51608000B48243 /* praUITestsLaunchTests.swift */ = {isa = PBXFileReference; lastKnownFileType = sourcecode.swift; path = praUITestsLaunchTests.swift; sourceTree = "<group>"; };
/* End PBXFileReference section */

/* Begin PBXFrameworksBuildPhase section */
		85C60D0B2A51607D00B48243 /* Frameworks */ = {
			isa = PBXFrameworksBuildPhase;
			buildActionMask = 2147483647;
			files = (
			);
			runOnlyForDeploymentPostprocessing = 0;
		};
		85C60D1C2A51608000B48243 /* Frameworks */ = {
			isa = PBXFrameworksBuildPhase;
			buildActionMask = 2147483647;
			files = (
			);
			runOnlyForDeploymentPostprocessing = 0;
		};
		85C60D262A51608000B48243 /* Frameworks */ = {
			isa = PBXFrameworksBuildPhase;
			buildActionMask = 2147483647;
			files = (
			);
			runOnlyForDeploymentPostprocessing = 0;
		};
/* End PBXFrameworksBuildPhase section */

/* Begin PBXGroup section */
		85C60D052A51607D00B48243 = {
			isa = PBXGroup;
			children = (
				85C60D102A51607D00B48243 /* pra */,
				85C60D222A51608000B48243 /* praTests */,
				85C60D2C2A51608000B48243 /* praUITests */,
				85C60D0F2A51607D00B48243 /* Products */,
			);
			sourceTree = "<group>";
		};
		85C60D0F2A51607D00B48243 /* Products */ = {
			isa = PBXGroup;
			children = (
				85C60D0E2A51607D00B48243 /* pra.app */,
				85C60D1F2A51608000B48243 /* praTests.xctest */,
				85C60D292A51608000B48243 /* praUITests.xctest */,
			);
			name = Products;
			sourceTree = "<group>";
		};
		85C60D102A51607D00B48243 /* pra */ = {
			isa = PBXGroup;
			children = (
				85C60D112A51607D00B48243 /* praApp.swift */,
				85C60D132A51607E00B48243 /* ContentView.swift */,
				85C60D152A51607F00B48243 /* Assets.xcassets */,
				85C60D172A51607F00B48243 /* pra.entitlements */,
				85C60D182A51607F00B48243 /* Preview Content */,
			);
			path = pra;
			sourceTree = "<group>";
		};
		85C60D182A51607F00B48243 /* Preview Content */ = {
			isa = PBXGroup;
			children = (
				85C60D192A51607F00B48243 /* Preview Assets.xcassets */,
			);
			path = "Preview Content";
			sourceTree = "<group>";
		};
		85C60D222A51608000B48243 /* praTests */ = {
			isa = PBXGroup;
			children = (
				85C60D232A51608000B48243 /* praTests.swift */,
			);
			path = praTests;
			sourceTree = "<group>";
		};
		85C60D2C2A51608000B48243 /* praUITests */ = {
			isa = PBXGroup;
			children = (
				85C60D2D2A51608000B48243 /* praUITests.swift */,
				85C60D2F2A51608000B48243 /* praUITestsLaunchTests.swift */,
			);
			path = praUITests;
			sourceTree = "<group>";
		};
/* End PBXGroup section */

/* Begin PBXNativeTarget section */
		85C60D0D2A51607D00B48243 /* pra */ = {
			isa = PBXNativeTarget;
			buildConfigurationList = 85C60D332A51608000B48243 /* Build configuration list for PBXNativeTarget "pra" */;
			buildPhases = (
				85C60D0A2A51607D00B48243 /* Sources */,
				85C60D0B2A51607D00B48243 /* Frameworks */,
				85C60D0C2A51607D00B48243 /* Resources */,
			);
			buildRules = (
			);
			dependencies = (
			);
			name = pra;
			productName = pra;
			productReference = 85C60D0E2A51607D00B48243 /* pra.app */;
			productType = "com.apple.product-type.application";
		};
		85C60D1E2A51608000B48243 /* praTests */ = {
			isa = PBXNativeTarget;
			buildConfigurationList = 85C60D362A51608000B48243 /* Build configuration list for PBXNativeTarget "praTests" */;
			buildPhases = (
				85C60D1B2A51608000B48243 /* Sources */,
				85C60D1C2A51608000B48243 /* Frameworks */,
				85C60D1D2A51608000B48243 /* Resources */,
			);
			buildRules = (
			);
			dependencies = (
				85C60D212A51608000B48243 /* PBXTargetDependency */,
			);
			name = praTests;
			productName = praTests;
			productReference = 85C60D1F2A51608000B48243 /* praTests.xctest */;
			productType = "com.apple.product-type.bundle.unit-test";
		};
		85C60D282A51608000B48243 /* praUITests */ = {
			isa = PBXNativeTarget;
			buildConfigurationList = 85C60D392A51608000B48243 /* Build configuration list for PBXNativeTarget "praUITests" */;
			buildPhases = (
				85C60D252A51608000B48243 /* Sources */,
				85C60D262A51608000B48243 /* Frameworks */,
				85C60D272A51608000B48243 /* Resources */,
			);
			buildRules = (
			);
			dependencies = (
				85C60D2B2A51608000B48243 /* PBXTargetDependency */,
			);
			name = praUITests;
			productName = praUITests;
			productReference = 85C60D292A51608000B48243 /* praUITests.xctest */;
			productType = "com.apple.product-type.bundle.ui-testing";
		};
/* End PBXNativeTarget section */

/* Begin PBXProject section */
		85C60D062A51607D00B48243 /* Project object */ = {
			isa = PBXProject;
			attributes = {
				BuildIndependentTargetsInParallel = 1;
				LastSwiftUpdateCheck = 1410;
				LastUpgradeCheck = 1410;
				TargetAttributes = {
					85C60D0D2A51607D00B48243 = {
						CreatedOnToolsVersion = 14.1;
					};
					85C60D1E2A51608000B48243 = {
						CreatedOnToolsVersion = 14.1;
						TestTargetID = 85C60D0D2A51607D00B48243;
					};
					85C60D282A51608000B48243 = {
						CreatedOnToolsVersion = 14.1;
						TestTargetID = 85C60D0D2A51607D00B48243;
					};
				};
			};
			buildConfigurationList = 85C60D092A51607D00B48243 /* Build configuration list for PBXProject "pra" */;
			compatibilityVersion = "Xcode 14.0";
			developmentRegion = en;
			hasScannedForEncodings = 0;
			knownRegions = (
				en,
				Base,
			);
			mainGroup = 85C60D052A51607D00B48243;
			productRefGroup = 85C60D0F2A51607D00B48243 /* Products */;
			projectDirPath = "";
			projectRoot = "";
			targets = (
				85C60D0D2A51607D00B48243 /* pra */,
				85C60D1E2A51608000B48243 /* praTests */,
				85C60D282A51608000B48243 /* praUITests */,
			);
		};
/* End PBXProject section */

/* Begin PBXResourcesBuildPhase section */
		85C60D0C2A51607D00B48243 /* Resources */ = {
			isa = PBXResourcesBuildPhase;
			buildActionMask = 2147483647;
			files = (
				85C60D1A2A51607F00B48243 /* Preview Assets.xcassets in Resources */,
				85C60D162A51607F00B48243 /* Assets.xcassets in Resources */,
			);
			runOnlyForDeploymentPostprocessing = 0;
		};
		85C60D1D2A51608000B48243 /* Resources */ = {
			isa = PBXResourcesBuildPhase;
			buildActionMask = 2147483647;
			files = (
			);
			runOnlyForDeploymentPostprocessing = 0;
		};
		85C60D272A51608000B48243 /* Resources */ = {
			isa = PBXResourcesBuildPhase;
			buildActionMask = 2147483647;
			files = (
			);
			runOnlyForDeploymentPostprocessing = 0;
		};
/* End PBXResourcesBuildPhase section */

/* Begin PBXSourcesBuildPhase section */
		85C60D0A2A51607D00B48243 /* Sources */ = {
			isa = PBXSourcesBuildPhase;
			buildActionMask = 2147483647;
			files = (
				85C60D142A51607E00B48243 /* ContentView.swift in Sources */,
				85C60D122A51607D00B48243 /* praApp.swift in Sources */,
			);
			runOnlyForDeploymentPostprocessing = 0;
		};
		85C60D1B2A51608000B48243 /* Sources */ = {
			isa = PBXSourcesBuildPhase;
			buildActionMask = 2147483647;
			files = (
				85C60D242A51608000B48243 /* praTests.swift in Sources */,
			);
			runOnlyForDeploymentPostprocessing = 0;
		};
		85C60D252A51608000B48243 /* Sources */ = {
			isa = PBXSourcesBuildPhase;
			buildActionMask = 2147483647;
			files = (
				85C60D302A51608000B48243 /* praUITestsLaunchTests.swift in Sources */,
				85C60D2E2A51608000B48243 /* praUITests.swift in Sources */,
			);
			runOnlyForDeploymentPostprocessing = 0;
		};
/* End PBXSourcesBuildPhase section */

/* Begin PBXTargetDependency section */
		85C60D212A51608000B48243 /* PBXTargetDependency */ = {
			isa = PBXTargetDependency;
			target = 85C60D0D2A51607D00B48243 /* pra */;
			targetProxy = 85C60D202A51608000B48243 /* PBXContainerItemProxy */;
		};
		85C60D2B2A51608000B48243 /* PBXTargetDependency */ = {
			isa = PBXTargetDependency;
			target = 85C60D0D2A51607D00B48243 /* pra */;
			targetProxy = 85C60D2A2A51608000B48243 /* PBXContainerItemProxy */;
		};
/* End PBXTargetDependency section */

/* Begin XCBuildConfiguration section */
		85C60D312A51608000B48243 /* Debug */ = {
			isa = XCBuildConfiguration;
			buildSettings = {
				ALWAYS_SEARCH_USER_PATHS = NO;
				CLANG_ANALYZER_NONNULL = YES;
				CLANG_ANALYZER_NUMBER_OBJECT_CONVERSION = YES_AGGRESSIVE;
				CLANG_CXX_LANGUAGE_STANDARD = "gnu++20";
				CLANG_ENABLE_MODULES = YES;
				CLANG_ENABLE_OBJC_ARC = YES;
				CLANG_ENABLE_OBJC_WEAK = YES;
				CLANG_WARN_BLOCK_CAPTURE_AUTORELEASING = YES;
				CLANG_WARN_BOOL_CONVERSION = YES;
				CLANG_WARN_COMMA = YES;
				CLANG_WARN_CONSTANT_CONVERSION = YES;
				CLANG_WARN_DEPRECATED_OBJC_IMPLEMENTATIONS = YES;
				CLANG_WARN_DIRECT_OBJC_ISA_USAGE = YES_ERROR;
				CLANG_WARN_DOCUMENTATION_COMMENTS = YES;
				CLANG_WARN_EMPTY_BODY = YES;
				CLANG_WARN_ENUM_CONVERSION = YES;
				CLANG_WARN_INFINITE_RECURSION = YES;
				CLANG_WARN_INT_CONVERSION = YES;
				CLANG_WARN_NON_LITERAL_NULL_CONVERSION = YES;
				CLANG_WARN_OBJC_IMPLICIT_RETAIN_SELF = YES;
				CLANG_WARN_OBJC_LITERAL_CONVERSION = YES;
				CLANG_WARN_OBJC_ROOT_CLASS = YES_ERROR;
				CLANG_WARN_QUOTED_INCLUDE_IN_FRAMEWORK_HEADER = YES;
				CLANG_WARN_RANGE_LOOP_ANALYSIS = YES;
				CLANG_WARN_STRICT_PROTOTYPES = YES;
				CLANG_WARN_SUSPICIOUS_MOVE = YES;
				CLANG_WARN_UNGUARDED_AVAILABILITY = YES_AGGRESSIVE;
				CLANG_WARN_UNREACHABLE_CODE = YES;
				CLANG_WARN__DUPLICATE_METHOD_MATCH = YES;
				COPY_PHASE_STRIP = NO;
				DEBUG_INFORMATION_FORMAT = dwarf;
				ENABLE_STRICT_OBJC_MSGSEND = YES;
				ENABLE_TESTABILITY = YES;
				GCC_C_LANGUAGE_STANDARD = gnu11;
				GCC_DYNAMIC_NO_PIC = NO;
				GCC_NO_COMMON_BLOCKS = YES;
				GCC_OPTIMIZATION_LEVEL = 0;
				GCC_PREPROCESSOR_DEFINITIONS = (
					"DEBUG=1",
					"$(inherited)",
				);
				GCC_WARN_64_TO_32_BIT_CONVERSION = YES;
				GCC_WARN_ABOUT_RETURN_TYPE = YES_ERROR;
				GCC_WARN_UNDECLARED_SELECTOR = YES;
				GCC_WARN_UNINITIALIZED_AUTOS = YES_AGGRESSIVE;
				GCC_WARN_UNUSED_FUNCTION = YES;
				GCC_WARN_UNUSED_VARIABLE = YES;
				MTL_ENABLE_DEBUG_INFO = INCLUDE_SOURCE;
				MTL_FAST_MATH = YES;
				ONLY_ACTIVE_ARCH = YES;
				SWIFT_ACTIVE_COMPILATION_CONDITIONS = DEBUG;
				SWIFT_OPTIMIZATION_LEVEL = "-Onone";
			};
			name = Debug;
		};
		85C60D322A51608000B48243 /* Release */ = {
			isa = XCBuildConfiguration;
			buildSettings = {
				ALWAYS_SEARCH_USER_PATHS = NO;
				CLANG_ANALYZER_NONNULL = YES;
				CLANG_ANALYZER_NUMBER_OBJECT_CONVERSION = YES_AGGRESSIVE;
				CLANG_CXX_LANGUAGE_STANDARD = "gnu++20";
				CLANG_ENABLE_MODULES = YES;
				CLANG_ENABLE_OBJC_ARC = YES;
				CLANG_ENABLE_OBJC_WEAK = YES;
				CLANG_WARN_BLOCK_CAPTURE_AUTORELEASING = YES;
				CLANG_WARN_BOOL_CONVERSION = YES;
				CLANG_WARN_COMMA = YES;
				CLANG_WARN_CONSTANT_CONVERSION = YES;
				CLANG_WARN_DEPRECATED_OBJC_IMPLEMENTATIONS = YES;
				CLANG_WARN_DIRECT_OBJC_ISA_USAGE = YES_ERROR;
				CLANG_WARN_DOCUMENTATION_COMMENTS = YES;
				CLANG_WARN_EMPTY_BODY = YES;
				CLANG_WARN_ENUM_CONVERSION = YES;
				CLANG_WARN_INFINITE_RECURSION = YES;
				CLANG_WARN_INT_CONVERSION = YES;
				CLANG_WARN_NON_LITERAL_NULL_CONVERSION = YES;
				CLANG_WARN_OBJC_IMPLICIT_RETAIN_SELF = YES;
				CLANG_WARN_OBJC_LITERAL_CONVERSION = YES;
				CLANG_WARN_OBJC_ROOT_CLASS = YES_ERROR;
				CLANG_WARN_QUOTED_INCLUDE_IN_FRAMEWORK_HEADER = YES;
				CLANG_WARN_RANGE_LOOP_ANALYSIS = YES;
				CLANG_WARN_STRICT_PROTOTYPES = YES;
				CLANG_WARN_SUSPICIOUS_MOVE = YES;
				CLANG_WARN_UNGUARDED_AVAILABILITY = YES_AGGRESSIVE;
				CLANG_WARN_UNREACHABLE_CODE = YES;
				CLANG_WARN__DUPLICATE_METHOD_MATCH = YES;
				COPY_PHASE_STRIP = NO;
				DEBUG_INFORMATION_FORMAT = "dwarf-with-dsym";
				ENABLE_NS_ASSERTIONS = NO;
				ENABLE_STRICT_OBJC_MSGSEND = YES;
				GCC_C_LANGUAGE_STANDARD = gnu11;
				GCC_NO_COMMON_BLOCKS = YES;
				GCC_WARN_64_TO_32_BIT_CONVERSION = YES;
				GCC_WARN_ABOUT_RETURN_TYPE = YES_ERROR;
				GCC_WARN_UNDECLARED_SELECTOR = YES;
				GCC_WARN_UNINITIALIZED_AUTOS = YES_AGGRESSIVE;
				GCC_WARN_UNUSED_FUNCTION = YES;
				GCC_WARN_UNUSED_VARIABLE = YES;
				MTL_ENABLE_DEBUG_INFO = NO;
				MTL_FAST_MATH = YES;
				SWIFT_COMPILATION_MODE = wholemodule;
				SWIFT_OPTIMIZATION_LEVEL = "-O";
			};
			name = Release;
		};
		85C60D342A51608000B48243 /* Debug */ = {
			isa = XCBuildConfiguration;
			buildSettings = {
				ASSETCATALOG_COMPILER_APPICON_NAME = AppIcon;
				ASSETCATALOG_COMPILER_GLOBAL_ACCENT_COLOR_NAME = AccentColor;
				CODE_SIGN_ENTITLEMENTS = pra/pra.entitlements;
				CODE_SIGN_STYLE = Automatic;
				CURRENT_PROJECT_VERSION = 1;
				DEVELOPMENT_ASSET_PATHS = "\"pra/Preview Content\"";
				ENABLE_PREVIEWS = YES;
				GENERATE_INFOPLIST_FILE = YES;
				"INFOPLIST_KEY_UIApplicationSceneManifest_Generation[sdk=iphoneos*]" = YES;
				"INFOPLIST_KEY_UIApplicationSceneManifest_Generation[sdk=iphonesimulator*]" = YES;
				"INFOPLIST_KEY_UIApplicationSupportsIndirectInputEvents[sdk=iphoneos*]" = YES;
				"INFOPLIST_KEY_UIApplicationSupportsIndirectInputEvents[sdk=iphonesimulator*]" = YES;
				"INFOPLIST_KEY_UILaunchScreen_Generation[sdk=iphoneos*]" = YES;
				"INFOPLIST_KEY_UILaunchScreen_Generation[sdk=iphonesimulator*]" = YES;
				"INFOPLIST_KEY_UIStatusBarStyle[sdk=iphoneos*]" = UIStatusBarStyleDefault;
				"INFOPLIST_KEY_UIStatusBarStyle[sdk=iphonesimulator*]" = UIStatusBarStyleDefault;
				INFOPLIST_KEY_UISupportedInterfaceOrientations_iPad = "UIInterfaceOrientationPortrait UIInterfaceOrientationPortraitUpsideDown UIInterfaceOrientationLandscapeLeft UIInterfaceOrientationLandscapeRight";
				INFOPLIST_KEY_UISupportedInterfaceOrientations_iPhone = "UIInterfaceOrientationPortrait UIInterfaceOrientationLandscapeLeft UIInterfaceOrientationLandscapeRight";
				IPHONEOS_DEPLOYMENT_TARGET = 16.1;
				LD_RUNPATH_SEARCH_PATHS = "@executable_path/Frameworks";
				"LD_RUNPATH_SEARCH_PATHS[sdk=macosx*]" = "@executable_path/../Frameworks";
				MACOSX_DEPLOYMENT_TARGET = 13.0;
				MARKETING_VERSION = 1.0;
				PRODUCT_BUNDLE_IDENTIFIER = pra.pra;
				PRODUCT_NAME = "$(TARGET_NAME)";
				SDKROOT = auto;
				SUPPORTED_PLATFORMS = "iphoneos iphonesimulator macosx";
				SWIFT_EMIT_LOC_STRINGS = YES;
				SWIFT_VERSION = 5.0;
				TARGETED_DEVICE_FAMILY = "1,2";
			};
			name = Debug;
		};
		85C60D352A51608000B48243 /* Release */ = {
			isa = XCBuildConfiguration;
			buildSettings = {
				ASSETCATALOG_COMPILER_APPICON_NAME = AppIcon;
				ASSETCATALOG_COMPILER_GLOBAL_ACCENT_COLOR_NAME = AccentColor;
				CODE_SIGN_ENTITLEMENTS = pra/pra.entitlements;
				CODE_SIGN_STYLE = Automatic;
				CURRENT_PROJECT_VERSION = 1;
				DEVELOPMENT_ASSET_PATHS = "\"pra/Preview Content\"";
				ENABLE_PREVIEWS = YES;
				GENERATE_INFOPLIST_FILE = YES;
				"INFOPLIST_KEY_UIApplicationSceneManifest_Generation[sdk=iphoneos*]" = YES;
				"INFOPLIST_KEY_UIApplicationSceneManifest_Generation[sdk=iphonesimulator*]" = YES;
				"INFOPLIST_KEY_UIApplicationSupportsIndirectInputEvents[sdk=iphoneos*]" = YES;
				"INFOPLIST_KEY_UIApplicationSupportsIndirectInputEvents[sdk=iphonesimulator*]" = YES;
				"INFOPLIST_KEY_UILaunchScreen_Generation[sdk=iphoneos*]" = YES;
				"INFOPLIST_KEY_UILaunchScreen_Generation[sdk=iphonesimulator*]" = YES;
				"INFOPLIST_KEY_UIStatusBarStyle[sdk=iphoneos*]" = UIStatusBarStyleDefault;
				"INFOPLIST_KEY_UIStatusBarStyle[sdk=iphonesimulator*]" = UIStatusBarStyleDefault;
				INFOPLIST_KEY_UISupportedInterfaceOrientations_iPad = "UIInterfaceOrientationPortrait UIInterfaceOrientationPortraitUpsideDown UIInterfaceOrientationLandscapeLeft UIInterfaceOrientationLandscapeRight";
				INFOPLIST_KEY_UISupportedInterfaceOrientations_iPhone = "UIInterfaceOrientationPortrait UIInterfaceOrientationLandscapeLeft UIInterfaceOrientationLandscapeRight";
				IPHONEOS_DEPLOYMENT_TARGET = 16.1;
				LD_RUNPATH_SEARCH_PATHS = "@executable_path/Frameworks";
				"LD_RUNPATH_SEARCH_PATHS[sdk=macosx*]" = "@executable_path/../Frameworks";
				MACOSX_DEPLOYMENT_TARGET = 13.0;
				MARKETING_VERSION = 1.0;
				PRODUCT_BUNDLE_IDENTIFIER = pra.pra;
				PRODUCT_NAME = "$(TARGET_NAME)";
				SDKROOT = auto;
				SUPPORTED_PLATFORMS = "iphoneos iphonesimulator macosx";
				SWIFT_EMIT_LOC_STRINGS = YES;
				SWIFT_VERSION = 5.0;
				TARGETED_DEVICE_FAMILY = "1,2";
			};
			name = Release;
		};
		85C60D372A51608000B48243 /* Debug */ = {
			isa = XCBuildConfiguration;
			buildSettings = {
				ALWAYS_EMBED_SWIFT_STANDARD_LIBRARIES = YES;
				BUNDLE_LOADER = "$(TEST_HOST)";
				CODE_SIGN_STYLE = Automatic;
				CURRENT_PROJECT_VERSION = 1;
				GENERATE_INFOPLIST_FILE = YES;
				IPHONEOS_DEPLOYMENT_TARGET = 16.1;
				MACOSX_DEPLOYMENT_TARGET = 13.0;
				MARKETING_VERSION = 1.0;
				PRODUCT_BUNDLE_IDENTIFIER = pra.praTests;
				PRODUCT_NAME = "$(TARGET_NAME)";
				SDKROOT = auto;
				SUPPORTED_PLATFORMS = "iphoneos iphonesimulator macosx";
				SWIFT_EMIT_LOC_STRINGS = NO;
				SWIFT_VERSION = 5.0;
				TARGETED_DEVICE_FAMILY = "1,2";
				TEST_HOST = "$(BUILT_PRODUCTS_DIR)/pra.app/$(BUNDLE_EXECUTABLE_FOLDER_PATH)/pra";
			};
			name = Debug;
		};
		85C60D382A51608000B48243 /* Release */ = {
			isa = XCBuildConfiguration;
			buildSettings = {
				ALWAYS_EMBED_SWIFT_STANDARD_LIBRARIES = YES;
				BUNDLE_LOADER = "$(TEST_HOST)";
				CODE_SIGN_STYLE = Automatic;
				CURRENT_PROJECT_VERSION = 1;
				GENERATE_INFOPLIST_FILE = YES;
				IPHONEOS_DEPLOYMENT_TARGET = 16.1;
				MACOSX_DEPLOYMENT_TARGET = 13.0;
				MARKETING_VERSION = 1.0;
				PRODUCT_BUNDLE_IDENTIFIER = pra.praTests;
				PRODUCT_NAME = "$(TARGET_NAME)";
				SDKROOT = auto;
				SUPPORTED_PLATFORMS = "iphoneos iphonesimulator macosx";
				SWIFT_EMIT_LOC_STRINGS = NO;
				SWIFT_VERSION = 5.0;
				TARGETED_DEVICE_FAMILY = "1,2";
				TEST_HOST = "$(BUILT_PRODUCTS_DIR)/pra.app/$(BUNDLE_EXECUTABLE_FOLDER_PATH)/pra";
			};
			name = Release;
		};
		85C60D3A2A51608000B48243 /* Debug */ = {
			isa = XCBuildConfiguration;
			buildSettings = {
				ALWAYS_EMBED_SWIFT_STANDARD_LIBRARIES = YES;
				CODE_SIGN_STYLE = Automatic;
				CURRENT_PROJECT_VERSION = 1;
				GENERATE_INFOPLIST_FILE = YES;
				IPHONEOS_DEPLOYMENT_TARGET = 16.1;
				MACOSX_DEPLOYMENT_TARGET = 13.0;
				MARKETING_VERSION = 1.0;
				PRODUCT_BUNDLE_IDENTIFIER = pra.praUITests;
				PRODUCT_NAME = "$(TARGET_NAME)";
				SDKROOT = auto;
				SUPPORTED_PLATFORMS = "iphoneos iphonesimulator macosx";
				SWIFT_EMIT_LOC_STRINGS = NO;
				SWIFT_VERSION = 5.0;
				TARGETED_DEVICE_FAMILY = "1,2";
				TEST_TARGET_NAME = pra;
			};
			name = Debug;
		};
		85C60D3B2A51608000B48243 /* Release */ = {
			isa = XCBuildConfiguration;
			buildSettings = {
				ALWAYS_EMBED_SWIFT_STANDARD_LIBRARIES = YES;
				CODE_SIGN_STYLE = Automatic;
				CURRENT_PROJECT_VERSION = 1;
				GENERATE_INFOPLIST_FILE = YES;
				IPHONEOS_DEPLOYMENT_TARGET = 16.1;
				MACOSX_DEPLOYMENT_TARGET = 13.0;
				MARKETING_VERSION = 1.0;
				PRODUCT_BUNDLE_IDENTIFIER = pra.praUITests;
				PRODUCT_NAME = "$(TARGET_NAME)";
				SDKROOT = auto;
				SUPPORTED_PLATFORMS = "iphoneos iphonesimulator macosx";
				SWIFT_EMIT_LOC_STRINGS = NO;
				SWIFT_VERSION = 5.0;
				TARGETED_DEVICE_FAMILY = "1,2";
				TEST_TARGET_NAME = pra;
			};
			name = Release;
		};
/* End XCBuildConfiguration section */

/* Begin XCConfigurationList section */
		85C60D092A51607D00B48243 /* Build configuration list for PBXProject "pra" */ = {
			isa = XCConfigurationList;
			buildConfigurations = (
				85C60D312A51608000B48243 /* Debug */,
				85C60D322A51608000B48243 /* Release */,
			);
			defaultConfigurationIsVisible = 0;
			defaultConfigurationName = Release;
		};
		85C60D332A51608000B48243 /* Build configuration list for PBXNativeTarget "pra" */ = {
			isa = XCConfigurationList;
			buildConfigurations = (
				85C60D342A51608000B48243 /* Debug */,
				85C60D352A51608000B48243 /* Release */,
			);
			defaultConfigurationIsVisible = 0;
			defaultConfigurationName = Release;
		};
		85C60D362A51608000B48243 /* Build configuration list for PBXNativeTarget "praTests" */ = {
			isa = XCConfigurationList;
			buildConfigurations = (
				85C60D372A51608000B48243 /* Debug */,
				85C60D382A51608000B48243 /* Release */,
			);
			defaultConfigurationIsVisible = 0;
			defaultConfigurationName = Release;
		};
		85C60D392A51608000B48243 /* Build configuration list for PBXNativeTarget "praUITests" */ = {
			isa = XCConfigurationList;
			buildConfigurations = (
				85C60D3A2A51608000B48243 /* Debug */,
				85C60D3B2A51608000B48243 /* Release */,
			);
			defaultConfigurationIsVisible = 0;
			defaultConfigurationName = Release;
		};
/* End XCConfigurationList section */
	};
	rootObject = 85C60D062A51607D00B48243 /* Project object */;
}
